# THIS IS AN AUTOGENERATED FILE. DO NOT EDIT THIS FILE DIRECTLY.
# yarn lockfile v1


"@babel/runtime@7.x":
  version "7.11.1"
  resolved "https://registry.npm.taobao.org/@babel/runtime/download/@babel/runtime-7.11.1.tgz?cache=0&sync_timestamp=1596578880178&other_urls=https%3A%2F%2Fregistry.npm.taobao.org%2F%40babel%2Fruntime%2Fdownload%2F%40babel%2Fruntime-7.11.1.tgz#087afc57e7bf1073e792fe54f8fb3cfa752f9230"
  integrity sha1-CHr8V+e/EHPnkv5U+Ps8+nUvkjA=
  dependencies:
    regenerator-runtime "^0.13.4"

"@vant/icons@1.2.3":
  version "1.2.3"
  resolved "https://registry.npm.taobao.org/@vant/icons/download/@vant/icons-1.2.3.tgz#c46b7ddd32363f790944c3af974b73bda80df7a1"
  integrity sha1-xGt93TI2P3kJRMOvl0tzvagN96E=

"@vant/weapp@^1.4.2":
  version "1.4.2"
  resolved "https://registry.npm.taobao.org/@vant/weapp/download/@vant/weapp-1.4.2.tgz#f4e87cf292d7cedd5d0a7813e04259232a706e70"
  integrity sha1-9Oh88pLXzt1dCngT4EJZIypwbnA=

"@vue/babel-helper-vue-jsx-merge-props@^1.0.0":
  version "1.0.0"
  resolved "https://registry.npm.taobao.org/@vue/babel-helper-vue-jsx-merge-props/download/@vue/babel-helper-vue-jsx-merge-props-1.0.0.tgz#048fe579958da408fb7a8b2a3ec050b50a661040"
  integrity sha1-BI/leZWNpAj7eosqPsBQtQpmEEA=

regenerator-runtime@^0.13.4:
  version "0.13.7"
  resolved "https://registry.npm.taobao.org/regenerator-runtime/download/regenerator-runtime-0.13.7.tgz?cache=0&sync_timestamp=1595456105304&other_urls=https%3A%2F%2Fregistry.npm.taobao.org%2Fregenerator-runtime%2Fdownload%2Fregenerator-runtime-0.13.7.tgz#cac2dacc8a1ea675feaabaeb8ae833898ae46f55"
  integrity sha1-ysLazIoepnX+qrrriugziYrkb1U=

vant@^2.9.4:
  version "2.9.4"
  resolved "https://registry.npm.taobao.org/vant/download/vant-2.9.4.tgz#fd29e9fa767dfd4fe539a014949f2e5161221b89"
  integrity sha1-/Snp+nZ9/U/lOaAUlJ8uUWEiG4k=
  dependencies:
    "@babel/runtime" "7.x"
    "@vant/icons" "1.2.3"
    "@vue/babel-helper-vue-jsx-merge-props" "^1.0.0"
    vue-lazyload "1.2.3"

vue-lazyload@1.2.3:
  version "1.2.3"
  resolved "https://registry.npm.taobao.org/vue-lazyload/download/vue-lazyload-1.2.3.tgz#901f9ec15c7e6ca78781a2bae4a343686bdedb2c"
  integrity sha1-kB+ewVx+bKeHgaK65KNDaGve2yw=
